
Microsoft Visual Studio Solution File, Format Version 12.00
# Visual Studio Version 16
VisualStudioVersion = 16.0.30711.63
MinimumVisualStudioVersion = 10.0.40219.1
Project("{9A19103F-16F7-4668-BE54-9A1E7A4F7556}") = "EasySaveA3", "EasySaveA3\EasySaveA3.csproj", "{CD34A338-A6A9-49DC-8C22-E6344E8CB8EF}"
EndProject
Global
	GlobalSection(SolutionConfigurationPlatforms) = preSolution
		Debug|Any CPU = Debug|Any CPU
		Release|Any CPU = Release|Any CPU
	EndGlobalSection
	GlobalSection(ProjectConfigurationPlatforms) = postSolution
		{CD34A338-A6A9-49DC-8C22-E6344E8CB8EF}.Debug|Any CPU.ActiveCfg = Debug|Any CPU
		{CD34A338-A6A9-49DC-8C22-E6344E8CB8EF}.Debug|Any CPU.Build.0 = Debug|Any CPU
		{CD34A338-A6A9-49DC-8C22-E6344E8CB8EF}.Release|Any CPU.ActiveCfg = Release|Any CPU
		{CD34A338-A6A9-49DC-8C22-E6344E8CB8EF}.Release|Any CPU.Build.0 = Release|Any CPU
	EndGlobalSection
	GlobalSection(SolutionProperties) = preSolution
		HideSolutionNode = FALSE
	EndGlobalSection
	GlobalSection(ExtensibilityGlobals) = postSolution
		SolutionGuid = {A5DF117A-3E0C-4666-B417-57DDD91A9055}
	EndGlobalSection
EndGlobal
