
Microsoft Visual Studio Solution File, Format Version 12.00
# Visual Studio Version 16
VisualStudioVersion = 16.0.30717.126
MinimumVisualStudioVersion = 10.0.40219.1
Project("{9A19103F-16F7-4668-BE54-9A1E7A4F7556}") = "EasySave", "EasySave_liv2\EasySave.csproj", "{1615BE7E-80CB-4888-89A5-9B9DE687266C}"
EndProject
Project("{9A19103F-16F7-4668-BE54-9A1E7A4F7556}") = "EasySave_RemoteClient", "EasySave_RemoteClient\EasySave_RemoteClient.csproj", "{F2B53B00-345A-49F9-8FAF-2A4F8D7CE9C5}"
EndProject
Global
	GlobalSection(SolutionConfigurationPlatforms) = preSolution
		Debug|Any CPU = Debug|Any CPU
		Release|Any CPU = Release|Any CPU
	EndGlobalSection
	GlobalSection(ProjectConfigurationPlatforms) = postSolution
		{1615BE7E-80CB-4888-89A5-9B9DE687266C}.Debug|Any CPU.ActiveCfg = Debug|Any CPU
		{1615BE7E-80CB-4888-89A5-9B9DE687266C}.Debug|Any CPU.Build.0 = Debug|Any CPU
		{1615BE7E-80CB-4888-89A5-9B9DE687266C}.Release|Any CPU.ActiveCfg = Release|Any CPU
		{1615BE7E-80CB-4888-89A5-9B9DE687266C}.Release|Any CPU.Build.0 = Release|Any CPU
		{F2B53B00-345A-49F9-8FAF-2A4F8D7CE9C5}.Debug|Any CPU.ActiveCfg = Debug|Any CPU
		{F2B53B00-345A-49F9-8FAF-2A4F8D7CE9C5}.Debug|Any CPU.Build.0 = Debug|Any CPU
		{F2B53B00-345A-49F9-8FAF-2A4F8D7CE9C5}.Release|Any CPU.ActiveCfg = Release|Any CPU
		{F2B53B00-345A-49F9-8FAF-2A4F8D7CE9C5}.Release|Any CPU.Build.0 = Release|Any CPU
	EndGlobalSection
	GlobalSection(SolutionProperties) = preSolution
		HideSolutionNode = FALSE
	EndGlobalSection
	GlobalSection(ExtensibilityGlobals) = postSolution
		SolutionGuid = {EAB5C0BF-4B3D-4AC8-BBD0-F908040BC812}
	EndGlobalSection
EndGlobal
